
Microsoft Visual Studio Solution File, Format Version 12.00
# Visual Studio 15
VisualStudioVersion = 15.0.27004.2009
MinimumVisualStudioVersion = 10.0.40219.1
Project("{FAE04EC0-301F-11D3-BF4B-00C04F79EFBC}") = "PeopleRecords.Console", "PeopleRecords\PeopleRecords.Console.csproj", "{7349E1A8-B1F3-416B-A720-401C7ECE38E4}"
EndProject
Project("{FAE04EC0-301F-11D3-BF4B-00C04F79EFBC}") = "PeopleRecords.Models", "PeopleRecords.Models\PeopleRecords.Models.csproj", "{CE3862FB-C110-446A-8A8C-5E53048303F6}"
EndProject
Project("{FAE04EC0-301F-11D3-BF4B-00C04F79EFBC}") = "PeopleRecords.Interfaces", "PeopleRecords.Interfaces\PeopleRecords.Interfaces.csproj", "{538DEA84-E1C4-471C-89B9-D4121751D0CC}"
EndProject
Project("{FAE04EC0-301F-11D3-BF4B-00C04F79EFBC}") = "PeopleRecords.WebAPI", "PeopleRecords.WebAPI\PeopleRecords.WebAPI.csproj", "{5CD57FE6-FBCD-49BC-85E6-518CD9F1C0B1}"
EndProject
Project("{FAE04EC0-301F-11D3-BF4B-00C04F79EFBC}") = "PeopleRecords.DataAccess", "PeopleRecords.DataAccess\PeopleRecords.DataAccess.csproj", "{AB90691A-D5A1-448B-9073-1209A07EFFF4}"
EndProject
Project("{FAE04EC0-301F-11D3-BF4B-00C04F79EFBC}") = "PeopleRecords.UnitTests", "PeopleRecords.UnitTests\PeopleRecords.UnitTests.csproj", "{900491C9-1E7C-4A02-BCB5-EEA637D84F25}"
EndProject
Global
	GlobalSection(SolutionConfigurationPlatforms) = preSolution
		Debug|Any CPU = Debug|Any CPU
		Release|Any CPU = Release|Any CPU
	EndGlobalSection
	GlobalSection(ProjectConfigurationPlatforms) = postSolution
		{7349E1A8-B1F3-416B-A720-401C7ECE38E4}.Debug|Any CPU.ActiveCfg = Debug|Any CPU
		{7349E1A8-B1F3-416B-A720-401C7ECE38E4}.Debug|Any CPU.Build.0 = Debug|Any CPU
		{7349E1A8-B1F3-416B-A720-401C7ECE38E4}.Release|Any CPU.ActiveCfg = Release|Any CPU
		{7349E1A8-B1F3-416B-A720-401C7ECE38E4}.Release|Any CPU.Build.0 = Release|Any CPU
		{CE3862FB-C110-446A-8A8C-5E53048303F6}.Debug|Any CPU.ActiveCfg = Debug|Any CPU
		{CE3862FB-C110-446A-8A8C-5E53048303F6}.Debug|Any CPU.Build.0 = Debug|Any CPU
		{CE3862FB-C110-446A-8A8C-5E53048303F6}.Release|Any CPU.ActiveCfg = Release|Any CPU
		{CE3862FB-C110-446A-8A8C-5E53048303F6}.Release|Any CPU.Build.0 = Release|Any CPU
		{538DEA84-E1C4-471C-89B9-D4121751D0CC}.Debug|Any CPU.ActiveCfg = Debug|Any CPU
		{538DEA84-E1C4-471C-89B9-D4121751D0CC}.Debug|Any CPU.Build.0 = Debug|Any CPU
		{538DEA84-E1C4-471C-89B9-D4121751D0CC}.Release|Any CPU.ActiveCfg = Release|Any CPU
		{538DEA84-E1C4-471C-89B9-D4121751D0CC}.Release|Any CPU.Build.0 = Release|Any CPU
		{5CD57FE6-FBCD-49BC-85E6-518CD9F1C0B1}.Debug|Any CPU.ActiveCfg = Debug|Any CPU
		{5CD57FE6-FBCD-49BC-85E6-518CD9F1C0B1}.Debug|Any CPU.Build.0 = Debug|Any CPU
		{5CD57FE6-FBCD-49BC-85E6-518CD9F1C0B1}.Release|Any CPU.ActiveCfg = Release|Any CPU
		{5CD57FE6-FBCD-49BC-85E6-518CD9F1C0B1}.Release|Any CPU.Build.0 = Release|Any CPU
		{AB90691A-D5A1-448B-9073-1209A07EFFF4}.Debug|Any CPU.ActiveCfg = Debug|Any CPU
		{AB90691A-D5A1-448B-9073-1209A07EFFF4}.Debug|Any CPU.Build.0 = Debug|Any CPU
		{AB90691A-D5A1-448B-9073-1209A07EFFF4}.Release|Any CPU.ActiveCfg = Release|Any CPU
		{AB90691A-D5A1-448B-9073-1209A07EFFF4}.Release|Any CPU.Build.0 = Release|Any CPU
		{900491C9-1E7C-4A02-BCB5-EEA637D84F25}.Debug|Any CPU.ActiveCfg = Debug|Any CPU
		{900491C9-1E7C-4A02-BCB5-EEA637D84F25}.Debug|Any CPU.Build.0 = Debug|Any CPU
		{900491C9-1E7C-4A02-BCB5-EEA637D84F25}.Release|Any CPU.ActiveCfg = Release|Any CPU
		{900491C9-1E7C-4A02-BCB5-EEA637D84F25}.Release|Any CPU.Build.0 = Release|Any CPU
	EndGlobalSection
	GlobalSection(SolutionProperties) = preSolution
		HideSolutionNode = FALSE
	EndGlobalSection
	GlobalSection(ExtensibilityGlobals) = postSolution
		SolutionGuid = {641A868A-E54A-42DB-9CA2-ABBA38913AEA}
	EndGlobalSection
EndGlobal
